
Microsoft Visual Studio Solution File, Format Version 12.00
# Visual Studio Version 17
VisualStudioVersion = 17.5.2.0
MinimumVisualStudioVersion = 10.0.40219.1
Project("{FAE04EC0-301F-11D3-BF4B-00C04F79EFBC}") = "FlappyBird.Windows", "FlappyBird.Windows/FlappyBird.Windows.csproj", "{317FDC3E-BA74-89A0-7278-117AC6CD24B5}"
EndProject
Project("{FAE04EC0-301F-11D3-BF4B-00C04F79EFBC}") = "FlappyBird.Android", "FlappyBird.Android\FlappyBird.Android.csproj", "{D168BC09-A557-4048-B5F2-2FC0F93BB806}"
EndProject
Project("{FAE04EC0-301F-11D3-BF4B-00C04F79EFBC}") = "FlappyBird.Core", "FlappyBird.Core\FlappyBird.Core.csproj", "{D8516BA0-1C4D-44EE-A36C-11177AEF757C}"
EndProject
Project("{FAE04EC0-301F-11D3-BF4B-00C04F79EFBC}") = "Momo", "Momo\Momo.csproj", "{6BB37BB6-E63F-410E-AA22-AAC4872A3126}"
EndProject
Global
	GlobalSection(SolutionConfigurationPlatforms) = preSolution
		Debug|Any CPU = Debug|Any CPU
		Debug|x64 = Debug|x64
		Debug|x86 = Debug|x86
		Release|Any CPU = Release|Any CPU
		Release|x64 = Release|x64
		Release|x86 = Release|x86
	EndGlobalSection
	GlobalSection(ProjectConfigurationPlatforms) = postSolution
		{317FDC3E-BA74-89A0-7278-117AC6CD24B5}.Debug|Any CPU.ActiveCfg = Debug|Any CPU
		{317FDC3E-BA74-89A0-7278-117AC6CD24B5}.Debug|Any CPU.Build.0 = Debug|Any CPU
		{317FDC3E-BA74-89A0-7278-117AC6CD24B5}.Debug|x64.ActiveCfg = Debug|Any CPU
		{317FDC3E-BA74-89A0-7278-117AC6CD24B5}.Debug|x64.Build.0 = Debug|Any CPU
		{317FDC3E-BA74-89A0-7278-117AC6CD24B5}.Debug|x86.ActiveCfg = Debug|Any CPU
		{317FDC3E-BA74-89A0-7278-117AC6CD24B5}.Debug|x86.Build.0 = Debug|Any CPU
		{317FDC3E-BA74-89A0-7278-117AC6CD24B5}.Release|Any CPU.ActiveCfg = Release|Any CPU
		{317FDC3E-BA74-89A0-7278-117AC6CD24B5}.Release|Any CPU.Build.0 = Release|Any CPU
		{317FDC3E-BA74-89A0-7278-117AC6CD24B5}.Release|x64.ActiveCfg = Release|Any CPU
		{317FDC3E-BA74-89A0-7278-117AC6CD24B5}.Release|x64.Build.0 = Release|Any CPU
		{317FDC3E-BA74-89A0-7278-117AC6CD24B5}.Release|x86.ActiveCfg = Release|Any CPU
		{317FDC3E-BA74-89A0-7278-117AC6CD24B5}.Release|x86.Build.0 = Release|Any CPU
		{D168BC09-A557-4048-B5F2-2FC0F93BB806}.Debug|Any CPU.ActiveCfg = Debug|Any CPU
		{D168BC09-A557-4048-B5F2-2FC0F93BB806}.Debug|Any CPU.Build.0 = Debug|Any CPU
		{D168BC09-A557-4048-B5F2-2FC0F93BB806}.Debug|x64.ActiveCfg = Debug|Any CPU
		{D168BC09-A557-4048-B5F2-2FC0F93BB806}.Debug|x64.Build.0 = Debug|Any CPU
		{D168BC09-A557-4048-B5F2-2FC0F93BB806}.Debug|x86.ActiveCfg = Debug|Any CPU
		{D168BC09-A557-4048-B5F2-2FC0F93BB806}.Debug|x86.Build.0 = Debug|Any CPU
		{D168BC09-A557-4048-B5F2-2FC0F93BB806}.Release|Any CPU.ActiveCfg = Release|Any CPU
		{D168BC09-A557-4048-B5F2-2FC0F93BB806}.Release|Any CPU.Build.0 = Release|Any CPU
		{D168BC09-A557-4048-B5F2-2FC0F93BB806}.Release|x64.ActiveCfg = Release|Any CPU
		{D168BC09-A557-4048-B5F2-2FC0F93BB806}.Release|x64.Build.0 = Release|Any CPU
		{D168BC09-A557-4048-B5F2-2FC0F93BB806}.Release|x86.ActiveCfg = Release|Any CPU
		{D168BC09-A557-4048-B5F2-2FC0F93BB806}.Release|x86.Build.0 = Release|Any CPU
	EndGlobalSection
	GlobalSection(SolutionProperties) = preSolution
		HideSolutionNode = FALSE
	EndGlobalSection
	GlobalSection(ExtensibilityGlobals) = postSolution
		SolutionGuid = {23C2B68F-BC53-4F6B-A68C-047AE9B86175}
	EndGlobalSection
EndGlobal
